Microsoft Visual Studio Solution File, Format Version 12.00
# Visual Studio 2012
Project("{FAE04EC0-301F-11D3-BF4B-00C04F79EFBC}") = "(Un)holy", "(Un)holy.csproj", "{7B8FF33A-878E-4CC6-B537-61CF8803882F}"
EndProject
Global
	GlobalSection(SolutionConfigurationPlatforms) = preSolution
	Debug|Any CPU = Debug|Any CPU
	Release|Any CPU = Release|Any CPU
	Tools|Any CPU = Tools|Any CPU
	EndGlobalSection
	GlobalSection(ProjectConfigurationPlatforms) = postSolution
		{7B8FF33A-878E-4CC6-B537-61CF8803882F}.Debug|Any CPU.ActiveCfg = Debug|Any CPU
		{7B8FF33A-878E-4CC6-B537-61CF8803882F}.Debug|Any CPU.Build.0 = Debug|Any CPU
		{7B8FF33A-878E-4CC6-B537-61CF8803882F}.Release|Any CPU.ActiveCfg = Release|Any CPU
		{7B8FF33A-878E-4CC6-B537-61CF8803882F}.Release|Any CPU.Build.0 = Release|Any CPU
		{7B8FF33A-878E-4CC6-B537-61CF8803882F}.Tools|Any CPU.ActiveCfg = Tools|Any CPU
		{7B8FF33A-878E-4CC6-B537-61CF8803882F}.Tools|Any CPU.Build.0 = Tools|Any CPU
	EndGlobalSection
EndGlobal
